// !$*UTF8*$!
{
	archiveVersion = 1;
	classes = {
	};
	objectVersion = 46;
	objects = {

/* Begin PBXAggregateTarget section */
		830271D847CA41C9B555645C /* ALL_BUILD */ = {
			isa = PBXAggregateTarget;
			buildConfigurationList = B223C42CE4F2490481C9DB93 /* Build configuration list for PBXAggregateTarget "ALL_BUILD" */;
			buildPhases = (
				7DDEACC6E09046979DA0B205 /* CMake Rules */,
			);
			dependencies = (
				E3D808A2141B4574B9F7A41F /* PBXTargetDependency */,
				4140F66E86594D4AB1706A0A /* PBXTargetDependency */,
			);
			name = ALL_BUILD;
			productName = ALL_BUILD;
		};
		E6E153ED08CC4F8FBC51179F /* ZERO_CHECK */ = {
			isa = PBXAggregateTarget;
			buildConfigurationList = 3B632CCC93CB4C5CB6BA5821 /* Build configuration list for PBXAggregateTarget "ZERO_CHECK" */;
			buildPhases = (
				7F707471E5174A41AE3762E7 /* CMake Rules */,
			);
			dependencies = (
			);
			name = ZERO_CHECK;
			productName = ZERO_CHECK;
		};
/* End PBXAggregateTarget section */

/* Begin PBXBuildFile section */
		042451487DCD4C9DAE257E9D /* /Users/emilbalcu/Courses/Udacity/NanodegreeSDC/Term_3/Path_Planning/src/cost.hpp */ = {isa = PBXBuildFile; fileRef = F18B74CAE42E4DF48D056649 /* /Users/emilbalcu/Courses/Udacity/NanodegreeSDC/Term_3/Path_Planning/src/cost.hpp */; };
		3667DE782DEA4482A32F7422 /* /Users/emilbalcu/Courses/Udacity/NanodegreeSDC/Term_3/Path_Planning/src/vehicle.hpp */ = {isa = PBXBuildFile; fileRef = ED73B1A169524E199EF8FEDE /* /Users/emilbalcu/Courses/Udacity/NanodegreeSDC/Term_3/Path_Planning/src/vehicle.hpp */; };
		6D809574E0EC47E9A45A39D6 /* /Users/emilbalcu/Courses/Udacity/NanodegreeSDC/Term_3/Path_Planning/src/main.cpp */ = {isa = PBXBuildFile; fileRef = BD45389C23AD477D958982C9 /* /Users/emilbalcu/Courses/Udacity/NanodegreeSDC/Term_3/Path_Planning/src/main.cpp */; };
		9C8DD47C9AD340CABC3035AD /* /Users/emilbalcu/Courses/Udacity/NanodegreeSDC/Term_3/Path_Planning/src/cost.cpp */ = {isa = PBXBuildFile; fileRef = E62B90CA20C54D3C99437D90 /* /Users/emilbalcu/Courses/Udacity/NanodegreeSDC/Term_3/Path_Planning/src/cost.cpp */; };
		A6776C4800FF4B8DAFB4C61D /* /Users/emilbalcu/Courses/Udacity/NanodegreeSDC/Term_3/Path_Planning/CMakeLists.txt */ = {isa = PBXBuildFile; fileRef = 657C5334CFE94BE1B0DF1B35 /* /Users/emilbalcu/Courses/Udacity/NanodegreeSDC/Term_3/Path_Planning/CMakeLists.txt */; };
		CF533E8A65464AB5A06A5AF6 /* /Users/emilbalcu/Courses/Udacity/NanodegreeSDC/Term_3/Path_Planning/src/spline.h */ = {isa = PBXBuildFile; fileRef = B0DDCFCADC5847D48A51CCAD /* /Users/emilbalcu/Courses/Udacity/NanodegreeSDC/Term_3/Path_Planning/src/spline.h */; };
		EDD3CEFB0FC84F27B0F6E7AA /* /Users/emilbalcu/Courses/Udacity/NanodegreeSDC/Term_3/Path_Planning/src/vehicle.cpp */ = {isa = PBXBuildFile; fileRef = 877BAC9EBD474E54BBD81041 /* /Users/emilbalcu/Courses/Udacity/NanodegreeSDC/Term_3/Path_Planning/src/vehicle.cpp */; };
/* End PBXBuildFile section */

/* Begin PBXBuildStyle section */
		51EC0155A9D04924953EE2A5 /* Debug */ = {
			isa = PBXBuildStyle;
			buildSettings = {
				COPY_PHASE_STRIP = NO;
			};
			name = Debug;
		};
		5A2AE91E35224EE3978286B8 /* Release */ = {
			isa = PBXBuildStyle;
			buildSettings = {
				COPY_PHASE_STRIP = NO;
			};
			name = Release;
		};
		6A0E1109792045FAB28890B4 /* RelWithDebInfo */ = {
			isa = PBXBuildStyle;
			buildSettings = {
				COPY_PHASE_STRIP = NO;
			};
			name = RelWithDebInfo;
		};
		C9AB0D0D2D9E466A8E672941 /* MinSizeRel */ = {
			isa = PBXBuildStyle;
			buildSettings = {
				COPY_PHASE_STRIP = NO;
			};
			name = MinSizeRel;
		};
/* End PBXBuildStyle section */

/* Begin PBXContainerItemProxy section */
		04A9C29A046E412EAA6ABC4D /* PBXContainerItemProxy */ = {
			isa = PBXContainerItemProxy;
			containerPortal = 991347CF541E49708125E5FD /* Project object */;
			proxyType = 1;
			remoteGlobalIDString = 6631007936B34599AEB9A305;
			remoteInfo = path_planning;
		};
		91E41572B8FF4540A4AEAF16 /* PBXContainerItemProxy */ = {
			isa = PBXContainerItemProxy;
			containerPortal = 991347CF541E49708125E5FD /* Project object */;
			proxyType = 1;
			remoteGlobalIDString = E6E153ED08CC4F8FBC51179F;
			remoteInfo = ZERO_CHECK;
		};
		C4939D548A18483FAF982E4A /* PBXContainerItemProxy */ = {
			isa = PBXContainerItemProxy;
			containerPortal = 991347CF541E49708125E5FD /* Project object */;
			proxyType = 1;
			remoteGlobalIDString = E6E153ED08CC4F8FBC51179F;
			remoteInfo = ZERO_CHECK;
		};
/* End PBXContainerItemProxy section */

/* Begin PBXFileReference section */
		011E8136B1F14B34A0A3A4B2 /* path_planning */ = {isa = PBXFileReference; explicitFileType = "compiled.mach-o.executable"; path = path_planning; sourceTree = BUILT_PRODUCTS_DIR; };
		657C5334CFE94BE1B0DF1B35 /* /Users/emilbalcu/Courses/Udacity/NanodegreeSDC/Term_3/Path_Planning/CMakeLists.txt */ = {isa = PBXFileReference; explicitFileType = sourcecode.text; fileEncoding = 4; name = CMakeLists.txt; path = CMakeLists.txt; sourceTree = SOURCE_ROOT; };
		877BAC9EBD474E54BBD81041 /* /Users/emilbalcu/Courses/Udacity/NanodegreeSDC/Term_3/Path_Planning/src/vehicle.cpp */ = {isa = PBXFileReference; explicitFileType = sourcecode.cpp.cpp; fileEncoding = 4; name = vehicle.cpp; path = src/vehicle.cpp; sourceTree = SOURCE_ROOT; };
		B0DDCFCADC5847D48A51CCAD /* /Users/emilbalcu/Courses/Udacity/NanodegreeSDC/Term_3/Path_Planning/src/spline.h */ = {isa = PBXFileReference; explicitFileType = sourcecode.c.h; fileEncoding = 4; name = spline.h; path = src/spline.h; sourceTree = SOURCE_ROOT; };
		BD45389C23AD477D958982C9 /* /Users/emilbalcu/Courses/Udacity/NanodegreeSDC/Term_3/Path_Planning/src/main.cpp */ = {isa = PBXFileReference; explicitFileType = sourcecode.cpp.cpp; fileEncoding = 4; name = main.cpp; path = src/main.cpp; sourceTree = SOURCE_ROOT; };
		DBF6BD87CCBB42BB9D9E6B20 /* /Users/emilbalcu/Courses/Udacity/NanodegreeSDC/Term_3/Path_Planning/CMakeLists.txt */ = {isa = PBXFileReference; explicitFileType = sourcecode.text; fileEncoding = 4; name = CMakeLists.txt; path = CMakeLists.txt; sourceTree = SOURCE_ROOT; };
		DEACAFC02EE9484DBFCE6A1E /* /Users/emilbalcu/Courses/Udacity/NanodegreeSDC/Term_3/Path_Planning/CMakeLists.txt */ = {isa = PBXFileReference; explicitFileType = sourcecode.text; fileEncoding = 4; name = CMakeLists.txt; path = CMakeLists.txt; sourceTree = SOURCE_ROOT; };
		E62B90CA20C54D3C99437D90 /* /Users/emilbalcu/Courses/Udacity/NanodegreeSDC/Term_3/Path_Planning/src/cost.cpp */ = {isa = PBXFileReference; explicitFileType = sourcecode.cpp.cpp; fileEncoding = 4; name = cost.cpp; path = src/cost.cpp; sourceTree = SOURCE_ROOT; };
		ED73B1A169524E199EF8FEDE /* /Users/emilbalcu/Courses/Udacity/NanodegreeSDC/Term_3/Path_Planning/src/vehicle.hpp */ = {isa = PBXFileReference; explicitFileType = sourcecode.cpp.h; fileEncoding = 4; name = vehicle.hpp; path = src/vehicle.hpp; sourceTree = SOURCE_ROOT; };
		F18B74CAE42E4DF48D056649 /* /Users/emilbalcu/Courses/Udacity/NanodegreeSDC/Term_3/Path_Planning/src/cost.hpp */ = {isa = PBXFileReference; explicitFileType = sourcecode.cpp.h; fileEncoding = 4; name = cost.hpp; path = src/cost.hpp; sourceTree = SOURCE_ROOT; };
/* End PBXFileReference section */

/* Begin PBXGroup section */
		1822B9BA35C14A18A3086D7A /* Source Files */ = {
			isa = PBXGroup;
			children = (
				E62B90CA20C54D3C99437D90 /* /Users/emilbalcu/Courses/Udacity/NanodegreeSDC/Term_3/Path_Planning/src/cost.cpp */,
				BD45389C23AD477D958982C9 /* /Users/emilbalcu/Courses/Udacity/NanodegreeSDC/Term_3/Path_Planning/src/main.cpp */,
				877BAC9EBD474E54BBD81041 /* /Users/emilbalcu/Courses/Udacity/NanodegreeSDC/Term_3/Path_Planning/src/vehicle.cpp */,
			);
			name = "Source Files";
			sourceTree = "<group>";
		};
		1DB08D56E0CA4B5B8770D6B5 /* Header Files */ = {
			isa = PBXGroup;
			children = (
				F18B74CAE42E4DF48D056649 /* /Users/emilbalcu/Courses/Udacity/NanodegreeSDC/Term_3/Path_Planning/src/cost.hpp */,
				B0DDCFCADC5847D48A51CCAD /* /Users/emilbalcu/Courses/Udacity/NanodegreeSDC/Term_3/Path_Planning/src/spline.h */,
				ED73B1A169524E199EF8FEDE /* /Users/emilbalcu/Courses/Udacity/NanodegreeSDC/Term_3/Path_Planning/src/vehicle.hpp */,
			);
			name = "Header Files";
			sourceTree = "<group>";
		};
		48965A0DA56C4066AD12A5A8 /* path_planning */ = {
			isa = PBXGroup;
			children = (
				1822B9BA35C14A18A3086D7A /* Source Files */,
				1DB08D56E0CA4B5B8770D6B5 /* Header Files */,
				657C5334CFE94BE1B0DF1B35 /* /Users/emilbalcu/Courses/Udacity/NanodegreeSDC/Term_3/Path_Planning/CMakeLists.txt */,
			);
			name = path_planning;
			sourceTree = "<group>";
		};
		65FAF00BA1B140668A02BA7A /* ALL_BUILD */ = {
			isa = PBXGroup;
			children = (
				A0BEB333F33848A390F9FD5A /* CMake Rules */,
				DEACAFC02EE9484DBFCE6A1E /* /Users/emilbalcu/Courses/Udacity/NanodegreeSDC/Term_3/Path_Planning/CMakeLists.txt */,
			);
			name = ALL_BUILD;
			sourceTree = "<group>";
		};
		808C4C641FD4473E91AEB07D = {
			isa = PBXGroup;
			children = (
				48965A0DA56C4066AD12A5A8 /* path_planning */,
				65FAF00BA1B140668A02BA7A /* ALL_BUILD */,
				A45928E8B69A4333856D43E6 /* ZERO_CHECK */,
				833D6B8980484D23BCFC17A9 /* Products */,
			);
			sourceTree = "<group>";
		};
		833D6B8980484D23BCFC17A9 /* Products */ = {
			isa = PBXGroup;
			children = (
				011E8136B1F14B34A0A3A4B2 /* path_planning */,
			);
			name = Products;
			sourceTree = "<group>";
		};
		91DD4F2BE0F84F03B2FF7AE9 /* CMake Rules */ = {
			isa = PBXGroup;
			children = (
			);
			name = "CMake Rules";
			sourceTree = "<group>";
		};
		A0BEB333F33848A390F9FD5A /* CMake Rules */ = {
			isa = PBXGroup;
			children = (
			);
			name = "CMake Rules";
			sourceTree = "<group>";
		};
		A45928E8B69A4333856D43E6 /* ZERO_CHECK */ = {
			isa = PBXGroup;
			children = (
				91DD4F2BE0F84F03B2FF7AE9 /* CMake Rules */,
				DBF6BD87CCBB42BB9D9E6B20 /* /Users/emilbalcu/Courses/Udacity/NanodegreeSDC/Term_3/Path_Planning/CMakeLists.txt */,
			);
			name = ZERO_CHECK;
			sourceTree = "<group>";
		};
/* End PBXGroup section */

/* Begin PBXNativeTarget section */
		6631007936B34599AEB9A305 /* path_planning */ = {
			isa = PBXNativeTarget;
			buildConfigurationList = 339E5DEC594541789923E130 /* Build configuration list for PBXNativeTarget "path_planning" */;
			buildPhases = (
				71810D52875F43609FE707C0 /* Sources */,
			);
			buildRules = (
			);
			dependencies = (
				50590521B69B4A89ABCCE0F9 /* PBXTargetDependency */,
			);
			name = path_planning;
			productName = path_planning;
			productReference = 011E8136B1F14B34A0A3A4B2 /* path_planning */;
			productType = "com.apple.product-type.tool";
		};
/* End PBXNativeTarget section */

/* Begin PBXProject section */
		991347CF541E49708125E5FD /* Project object */ = {
			isa = PBXProject;
			attributes = {
				BuildIndependentTargetsInParallel = YES;
				LastUpgradeCheck = 0910;
			};
			buildConfigurationList = D6BC9625FA574B27AE5A4024 /* Build configuration list for PBXProject "Path_Planning" */;
			buildSettings = {
			};
			buildStyles = (
				51EC0155A9D04924953EE2A5 /* Debug */,
				5A2AE91E35224EE3978286B8 /* Release */,
				C9AB0D0D2D9E466A8E672941 /* MinSizeRel */,
				6A0E1109792045FAB28890B4 /* RelWithDebInfo */,
			);
			compatibilityVersion = "Xcode 3.2";
			hasScannedForEncodings = 0;
			mainGroup = 808C4C641FD4473E91AEB07D;
			projectDirPath = .;
			projectRoot = "";
			targets = (
				830271D847CA41C9B555645C /* ALL_BUILD */,
				E6E153ED08CC4F8FBC51179F /* ZERO_CHECK */,
				6631007936B34599AEB9A305 /* path_planning */,
			);
		};
/* End PBXProject section */

/* Begin PBXShellScriptBuildPhase section */
		44140F9CAB3B4E45A0EA6FE3 = {
			isa = PBXShellScriptBuildPhase;
			buildActionMask = 2147483647;
			files = (
			);
			inputPaths = (
			);
			outputPaths = (
			);
			runOnlyForDeploymentPostprocessing = 0;
			shellPath = /bin/sh;
			shellScript = "# shell script goes here
exit 0";
			showEnvVarsInLog = 0;
		};
		52A06078EB854C36BDFDE010 = {
			isa = PBXShellScriptBuildPhase;
			buildActionMask = 2147483647;
			files = (
			);
			inputPaths = (
			);
			outputPaths = (
			);
			runOnlyForDeploymentPostprocessing = 0;
			shellPath = /bin/sh;
			shellScript = "# shell script goes here
exit 0";
			showEnvVarsInLog = 0;
		};
		7DDEACC6E09046979DA0B205 /* CMake Rules */ = {
			isa = PBXShellScriptBuildPhase;
			buildActionMask = 2147483647;
			files = (
			);
			name = "CMake Rules";
			runOnlyForDeploymentPostprocessing = 0;
			shellPath = /bin/sh;
			shellScript = "make -C /Users/emilbalcu/Courses/Udacity/NanodegreeSDC/Term_3/Path_Planning -f /Users/emilbalcu/Courses/Udacity/NanodegreeSDC/Term_3/Path_Planning/CMakeScripts/ALL_BUILD_cmakeRulesBuildPhase.make$CONFIGURATION all";
			showEnvVarsInLog = 0;
		};
		7F707471E5174A41AE3762E7 /* CMake Rules */ = {
			isa = PBXShellScriptBuildPhase;
			buildActionMask = 2147483647;
			files = (
			);
			name = "CMake Rules";
			runOnlyForDeploymentPostprocessing = 0;
			shellPath = /bin/sh;
			shellScript = "make -C /Users/emilbalcu/Courses/Udacity/NanodegreeSDC/Term_3/Path_Planning -f /Users/emilbalcu/Courses/Udacity/NanodegreeSDC/Term_3/Path_Planning/CMakeScripts/ZERO_CHECK_cmakeRulesBuildPhase.make$CONFIGURATION all";
			showEnvVarsInLog = 0;
		};
/* End PBXShellScriptBuildPhase section */

/* Begin PBXSourcesBuildPhase section */
		71810D52875F43609FE707C0 /* Sources */ = {
			isa = PBXSourcesBuildPhase;
			buildActionMask = 2147483647;
			files = (
				9C8DD47C9AD340CABC3035AD /* /Users/emilbalcu/Courses/Udacity/NanodegreeSDC/Term_3/Path_Planning/src/cost.cpp */,
				6D809574E0EC47E9A45A39D6 /* /Users/emilbalcu/Courses/Udacity/NanodegreeSDC/Term_3/Path_Planning/src/main.cpp */,
				EDD3CEFB0FC84F27B0F6E7AA /* /Users/emilbalcu/Courses/Udacity/NanodegreeSDC/Term_3/Path_Planning/src/vehicle.cpp */,
			);
			runOnlyForDeploymentPostprocessing = 0;
		};
/* End PBXSourcesBuildPhase section */

/* Begin PBXTargetDependency section */
		4140F66E86594D4AB1706A0A /* PBXTargetDependency */ = {
			isa = PBXTargetDependency;
			target = 6631007936B34599AEB9A305 /* path_planning */;
			targetProxy = 04A9C29A046E412EAA6ABC4D /* PBXContainerItemProxy */;
		};
		50590521B69B4A89ABCCE0F9 /* PBXTargetDependency */ = {
			isa = PBXTargetDependency;
			target = E6E153ED08CC4F8FBC51179F /* ZERO_CHECK */;
			targetProxy = 91E41572B8FF4540A4AEAF16 /* PBXContainerItemProxy */;
		};
		E3D808A2141B4574B9F7A41F /* PBXTargetDependency */ = {
			isa = PBXTargetDependency;
			target = E6E153ED08CC4F8FBC51179F /* ZERO_CHECK */;
			targetProxy = C4939D548A18483FAF982E4A /* PBXContainerItemProxy */;
		};
/* End PBXTargetDependency section */

/* Begin XCBuildConfiguration section */
		0B8239C47B26484F9BC11789 /* Release */ = {
			isa = XCBuildConfiguration;
			buildSettings = {
				COMBINE_HIDPI_IMAGES = YES;
				GCC_GENERATE_DEBUGGING_SYMBOLS = YES;
				GCC_INLINES_ARE_PRIVATE_EXTERN = NO;
				GCC_OPTIMIZATION_LEVEL = 0;
				GCC_PREPROCESSOR_DEFINITIONS = ("'CMAKE_INTDIR=\"$(CONFIGURATION)$(EFFECTIVE_PLATFORM_NAME)\"'");
				GCC_SYMBOLS_PRIVATE_EXTERN = NO;
				HEADER_SEARCH_PATHS = (/usr/local/include,/usr/local/opt/openssl/include);
				INSTALL_PATH = "";
				OTHER_LDFLAGS = " ";
				OTHER_REZFLAGS = "";
				PRODUCT_NAME = ZERO_CHECK;
				SECTORDER_FLAGS = "";
				SYMROOT = /Users/emilbalcu/Courses/Udacity/NanodegreeSDC/Term_3/Path_Planning;
				USE_HEADERMAP = NO;
				WARNING_CFLAGS = ("-Wmost","-Wno-four-char-constants","-Wno-unknown-pragmas","$(inherited)");
			};
			name = Release;
		};
		1A699008010C4B1CA6E83873 /* MinSizeRel */ = {
			isa = XCBuildConfiguration;
			buildSettings = {
				COMBINE_HIDPI_IMAGES = YES;
				GCC_GENERATE_DEBUGGING_SYMBOLS = YES;
				GCC_INLINES_ARE_PRIVATE_EXTERN = NO;
				GCC_OPTIMIZATION_LEVEL = 0;
				GCC_PREPROCESSOR_DEFINITIONS = ("'CMAKE_INTDIR=\"$(CONFIGURATION)$(EFFECTIVE_PLATFORM_NAME)\"'");
				GCC_SYMBOLS_PRIVATE_EXTERN = NO;
				HEADER_SEARCH_PATHS = (/usr/local/include,/usr/local/opt/openssl/include);
				INSTALL_PATH = "";
				OTHER_LDFLAGS = " ";
				OTHER_REZFLAGS = "";
				PRODUCT_NAME = ALL_BUILD;
				SECTORDER_FLAGS = "";
				SYMROOT = /Users/emilbalcu/Courses/Udacity/NanodegreeSDC/Term_3/Path_Planning;
				USE_HEADERMAP = NO;
				WARNING_CFLAGS = ("-Wmost","-Wno-four-char-constants","-Wno-unknown-pragmas","$(inherited)");
			};
			name = MinSizeRel;
		};
		1B1E57E9953343B29F5D2FC0 /* Debug */ = {
			isa = XCBuildConfiguration;
			buildSettings = {
				MACOSX_DEPLOYMENT_TARGET = 10.12;
				ONLY_ACTIVE_ARCH = YES;
				SDKROOT = /Applications/Xcode.app/Contents/Developer/Platforms/MacOSX.platform/Developer/SDKs/MacOSX10.13.sdk;
				SYMROOT = /Users/emilbalcu/Courses/Udacity/NanodegreeSDC/Term_3/Path_Planning/build;
			};
			name = Debug;
		};
		27EAA6B070D34D5BBBAACE3A /* Release */ = {
			isa = XCBuildConfiguration;
			buildSettings = {
				COMBINE_HIDPI_IMAGES = YES;
				EXECUTABLE_PREFIX = "";
				EXECUTABLE_SUFFIX = "";
				GCC_GENERATE_DEBUGGING_SYMBOLS = NO;
				GCC_INLINES_ARE_PRIVATE_EXTERN = NO;
				GCC_OPTIMIZATION_LEVEL = 3;
				GCC_PREPROCESSOR_DEFINITIONS = ("'CMAKE_INTDIR=\"$(CONFIGURATION)$(EFFECTIVE_PLATFORM_NAME)\"'");
				GCC_SYMBOLS_PRIVATE_EXTERN = NO;
				HEADER_SEARCH_PATHS = (/usr/local/include,/usr/local/opt/openssl/include);
				INSTALL_PATH = "";
				LD_RUNPATH_SEARCH_PATHS = "/usr/local/lib /usr/local/opt/openssl/lib /usr/local/Cellar/libuv/1.11.0/lib";
				LIBRARY_SEARCH_PATHS = " /usr/local/lib/$(CONFIGURATION)$(EFFECTIVE_PLATFORM_NAME) /usr/local/lib /usr/local/opt/openssl/lib/$(CONFIGURATION)$(EFFECTIVE_PLATFORM_NAME) /usr/local/opt/openssl/lib /usr/local/Cellar/libuv/1.11.0/lib/$(CONFIGURATION)$(EFFECTIVE_PLATFORM_NAME) /usr/local/Cellar/libuv/1.11.0/lib";
				OTHER_CPLUSPLUSFLAGS = "    -DNDEBUG   -std=c++11";
				OTHER_LDFLAGS = " -Wl,-search_paths_first -Wl,-headerpad_max_install_names  -lz -lssl -luv -luWS";
				OTHER_REZFLAGS = "";
				PRODUCT_NAME = path_planning;
				SECTORDER_FLAGS = "";
				SYMROOT = /Users/emilbalcu/Courses/Udacity/NanodegreeSDC/Term_3/Path_Planning;
				USE_HEADERMAP = NO;
				WARNING_CFLAGS = ("-Wmost","-Wno-four-char-constants","-Wno-unknown-pragmas","$(inherited)");
			};
			name = Release;
		};
		4317ACA5A04446C89845DAFD /* Debug */ = {
			isa = XCBuildConfiguration;
			buildSettings = {
				COMBINE_HIDPI_IMAGES = YES;
				GCC_GENERATE_DEBUGGING_SYMBOLS = YES;
				GCC_INLINES_ARE_PRIVATE_EXTERN = NO;
				GCC_OPTIMIZATION_LEVEL = 0;
				GCC_PREPROCESSOR_DEFINITIONS = ("'CMAKE_INTDIR=\"$(CONFIGURATION)$(EFFECTIVE_PLATFORM_NAME)\"'");
				GCC_SYMBOLS_PRIVATE_EXTERN = NO;
				HEADER_SEARCH_PATHS = (/usr/local/include,/usr/local/opt/openssl/include);
				INSTALL_PATH = "";
				OTHER_LDFLAGS = " ";
				OTHER_REZFLAGS = "";
				PRODUCT_NAME = ZERO_CHECK;
				SECTORDER_FLAGS = "";
				SYMROOT = /Users/emilbalcu/Courses/Udacity/NanodegreeSDC/Term_3/Path_Planning;
				USE_HEADERMAP = NO;
				WARNING_CFLAGS = ("-Wmost","-Wno-four-char-constants","-Wno-unknown-pragmas","$(inherited)");
			};
			name = Debug;
		};
		485D53D95B9A415DBFCFED12 /* RelWithDebInfo */ = {
			isa = XCBuildConfiguration;
			buildSettings = {
				MACOSX_DEPLOYMENT_TARGET = 10.12;
				ONLY_ACTIVE_ARCH = YES;
				SDKROOT = /Applications/Xcode.app/Contents/Developer/Platforms/MacOSX.platform/Developer/SDKs/MacOSX10.13.sdk;
				SYMROOT = /Users/emilbalcu/Courses/Udacity/NanodegreeSDC/Term_3/Path_Planning/build;
			};
			name = RelWithDebInfo;
		};
		6859A82F779F480E8E2F94FB /* RelWithDebInfo */ = {
			isa = XCBuildConfiguration;
			buildSettings = {
				COMBINE_HIDPI_IMAGES = YES;
				EXECUTABLE_PREFIX = "";
				EXECUTABLE_SUFFIX = "";
				GCC_GENERATE_DEBUGGING_SYMBOLS = YES;
				GCC_INLINES_ARE_PRIVATE_EXTERN = NO;
				GCC_OPTIMIZATION_LEVEL = 2;
				GCC_PREPROCESSOR_DEFINITIONS = ("'CMAKE_INTDIR=\"$(CONFIGURATION)$(EFFECTIVE_PLATFORM_NAME)\"'");
				GCC_SYMBOLS_PRIVATE_EXTERN = NO;
				HEADER_SEARCH_PATHS = (/usr/local/include,/usr/local/opt/openssl/include);
				INSTALL_PATH = "";
				LD_RUNPATH_SEARCH_PATHS = "/usr/local/lib /usr/local/opt/openssl/lib /usr/local/Cellar/libuv/1.11.0/lib";
				LIBRARY_SEARCH_PATHS = " /usr/local/lib/$(CONFIGURATION)$(EFFECTIVE_PLATFORM_NAME) /usr/local/lib /usr/local/opt/openssl/lib/$(CONFIGURATION)$(EFFECTIVE_PLATFORM_NAME) /usr/local/opt/openssl/lib /usr/local/Cellar/libuv/1.11.0/lib/$(CONFIGURATION)$(EFFECTIVE_PLATFORM_NAME) /usr/local/Cellar/libuv/1.11.0/lib";
				OTHER_CPLUSPLUSFLAGS = "       -DNDEBUG   -std=c++11";
				OTHER_LDFLAGS = " -Wl,-search_paths_first -Wl,-headerpad_max_install_names  -lz -lssl -luv -luWS";
				OTHER_REZFLAGS = "";
				PRODUCT_NAME = path_planning;
				SECTORDER_FLAGS = "";
				SYMROOT = /Users/emilbalcu/Courses/Udacity/NanodegreeSDC/Term_3/Path_Planning;
				USE_HEADERMAP = NO;
				WARNING_CFLAGS = ("-Wmost","-Wno-four-char-constants","-Wno-unknown-pragmas","$(inherited)");
			};
			name = RelWithDebInfo;
		};
		804F75466C7247F7AADD072B /* MinSizeRel */ = {
			isa = XCBuildConfiguration;
			buildSettings = {
				MACOSX_DEPLOYMENT_TARGET = 10.12;
				ONLY_ACTIVE_ARCH = YES;
				SDKROOT = /Applications/Xcode.app/Contents/Developer/Platforms/MacOSX.platform/Developer/SDKs/MacOSX10.13.sdk;
				SYMROOT = /Users/emilbalcu/Courses/Udacity/NanodegreeSDC/Term_3/Path_Planning/build;
			};
			name = MinSizeRel;
		};
		812B1D95FD594727BC78CE4F /* MinSizeRel */ = {
			isa = XCBuildConfiguration;
			buildSettings = {
				COMBINE_HIDPI_IMAGES = YES;
				EXECUTABLE_PREFIX = "";
				EXECUTABLE_SUFFIX = "";
				GCC_GENERATE_DEBUGGING_SYMBOLS = NO;
				GCC_INLINES_ARE_PRIVATE_EXTERN = NO;
				GCC_OPTIMIZATION_LEVEL = s;
				GCC_PREPROCESSOR_DEFINITIONS = ("'CMAKE_INTDIR=\"$(CONFIGURATION)$(EFFECTIVE_PLATFORM_NAME)\"'");
				GCC_SYMBOLS_PRIVATE_EXTERN = NO;
				HEADER_SEARCH_PATHS = (/usr/local/include,/usr/local/opt/openssl/include);
				INSTALL_PATH = "";
				LD_RUNPATH_SEARCH_PATHS = "/usr/local/lib /usr/local/opt/openssl/lib /usr/local/Cellar/libuv/1.11.0/lib";
				LIBRARY_SEARCH_PATHS = " /usr/local/lib/$(CONFIGURATION)$(EFFECTIVE_PLATFORM_NAME) /usr/local/lib /usr/local/opt/openssl/lib/$(CONFIGURATION)$(EFFECTIVE_PLATFORM_NAME) /usr/local/opt/openssl/lib /usr/local/Cellar/libuv/1.11.0/lib/$(CONFIGURATION)$(EFFECTIVE_PLATFORM_NAME) /usr/local/Cellar/libuv/1.11.0/lib";
				OTHER_CPLUSPLUSFLAGS = "    -DNDEBUG   -std=c++11";
				OTHER_LDFLAGS = " -Wl,-search_paths_first -Wl,-headerpad_max_install_names  -lz -lssl -luv -luWS";
				OTHER_REZFLAGS = "";
				PRODUCT_NAME = path_planning;
				SECTORDER_FLAGS = "";
				SYMROOT = /Users/emilbalcu/Courses/Udacity/NanodegreeSDC/Term_3/Path_Planning;
				USE_HEADERMAP = NO;
				WARNING_CFLAGS = ("-Wmost","-Wno-four-char-constants","-Wno-unknown-pragmas","$(inherited)");
			};
			name = MinSizeRel;
		};
		9354E4B77017451D8BC189D2 /* Release */ = {
			isa = XCBuildConfiguration;
			buildSettings = {
				MACOSX_DEPLOYMENT_TARGET = 10.12;
				ONLY_ACTIVE_ARCH = YES;
				SDKROOT = /Applications/Xcode.app/Contents/Developer/Platforms/MacOSX.platform/Developer/SDKs/MacOSX10.13.sdk;
				SYMROOT = /Users/emilbalcu/Courses/Udacity/NanodegreeSDC/Term_3/Path_Planning/build;
			};
			name = Release;
		};
		B2A25964F0C545D0BB3A9B43 /* MinSizeRel */ = {
			isa = XCBuildConfiguration;
			buildSettings = {
				COMBINE_HIDPI_IMAGES = YES;
				GCC_GENERATE_DEBUGGING_SYMBOLS = YES;
				GCC_INLINES_ARE_PRIVATE_EXTERN = NO;
				GCC_OPTIMIZATION_LEVEL = 0;
				GCC_PREPROCESSOR_DEFINITIONS = ("'CMAKE_INTDIR=\"$(CONFIGURATION)$(EFFECTIVE_PLATFORM_NAME)\"'");
				GCC_SYMBOLS_PRIVATE_EXTERN = NO;
				HEADER_SEARCH_PATHS = (/usr/local/include,/usr/local/opt/openssl/include);
				INSTALL_PATH = "";
				OTHER_LDFLAGS = " ";
				OTHER_REZFLAGS = "";
				PRODUCT_NAME = ZERO_CHECK;
				SECTORDER_FLAGS = "";
				SYMROOT = /Users/emilbalcu/Courses/Udacity/NanodegreeSDC/Term_3/Path_Planning;
				USE_HEADERMAP = NO;
				WARNING_CFLAGS = ("-Wmost","-Wno-four-char-constants","-Wno-unknown-pragmas","$(inherited)");
			};
			name = MinSizeRel;
		};
		DBDEEE3FB91A481081D901F6 /* Debug */ = {
			isa = XCBuildConfiguration;
			buildSettings = {
				COMBINE_HIDPI_IMAGES = YES;
				GCC_GENERATE_DEBUGGING_SYMBOLS = YES;
				GCC_INLINES_ARE_PRIVATE_EXTERN = NO;
				GCC_OPTIMIZATION_LEVEL = 0;
				GCC_PREPROCESSOR_DEFINITIONS = ("'CMAKE_INTDIR=\"$(CONFIGURATION)$(EFFECTIVE_PLATFORM_NAME)\"'");
				GCC_SYMBOLS_PRIVATE_EXTERN = NO;
				HEADER_SEARCH_PATHS = (/usr/local/include,/usr/local/opt/openssl/include);
				INSTALL_PATH = "";
				OTHER_LDFLAGS = " ";
				OTHER_REZFLAGS = "";
				PRODUCT_NAME = ALL_BUILD;
				SECTORDER_FLAGS = "";
				SYMROOT = /Users/emilbalcu/Courses/Udacity/NanodegreeSDC/Term_3/Path_Planning;
				USE_HEADERMAP = NO;
				WARNING_CFLAGS = ("-Wmost","-Wno-four-char-constants","-Wno-unknown-pragmas","$(inherited)");
			};
			name = Debug;
		};
		DC059F9A84D14D8FB3964807 /* RelWithDebInfo */ = {
			isa = XCBuildConfiguration;
			buildSettings = {
				COMBINE_HIDPI_IMAGES = YES;
				GCC_GENERATE_DEBUGGING_SYMBOLS = YES;
				GCC_INLINES_ARE_PRIVATE_EXTERN = NO;
				GCC_OPTIMIZATION_LEVEL = 0;
				GCC_PREPROCESSOR_DEFINITIONS = ("'CMAKE_INTDIR=\"$(CONFIGURATION)$(EFFECTIVE_PLATFORM_NAME)\"'");
				GCC_SYMBOLS_PRIVATE_EXTERN = NO;
				HEADER_SEARCH_PATHS = (/usr/local/include,/usr/local/opt/openssl/include);
				INSTALL_PATH = "";
				OTHER_LDFLAGS = " ";
				OTHER_REZFLAGS = "";
				PRODUCT_NAME = ALL_BUILD;
				SECTORDER_FLAGS = "";
				SYMROOT = /Users/emilbalcu/Courses/Udacity/NanodegreeSDC/Term_3/Path_Planning;
				USE_HEADERMAP = NO;
				WARNING_CFLAGS = ("-Wmost","-Wno-four-char-constants","-Wno-unknown-pragmas","$(inherited)");
			};
			name = RelWithDebInfo;
		};
		EA7ADEA3931C4C2AAFC8525B /* RelWithDebInfo */ = {
			isa = XCBuildConfiguration;
			buildSettings = {
				COMBINE_HIDPI_IMAGES = YES;
				GCC_GENERATE_DEBUGGING_SYMBOLS = YES;
				GCC_INLINES_ARE_PRIVATE_EXTERN = NO;
				GCC_OPTIMIZATION_LEVEL = 0;
				GCC_PREPROCESSOR_DEFINITIONS = ("'CMAKE_INTDIR=\"$(CONFIGURATION)$(EFFECTIVE_PLATFORM_NAME)\"'");
				GCC_SYMBOLS_PRIVATE_EXTERN = NO;
				HEADER_SEARCH_PATHS = (/usr/local/include,/usr/local/opt/openssl/include);
				INSTALL_PATH = "";
				OTHER_LDFLAGS = " ";
				OTHER_REZFLAGS = "";
				PRODUCT_NAME = ZERO_CHECK;
				SECTORDER_FLAGS = "";
				SYMROOT = /Users/emilbalcu/Courses/Udacity/NanodegreeSDC/Term_3/Path_Planning;
				USE_HEADERMAP = NO;
				WARNING_CFLAGS = ("-Wmost","-Wno-four-char-constants","-Wno-unknown-pragmas","$(inherited)");
			};
			name = RelWithDebInfo;
		};
		FA197937B0AE447EACACFD9D /* Debug */ = {
			isa = XCBuildConfiguration;
			buildSettings = {
				COMBINE_HIDPI_IMAGES = YES;
				EXECUTABLE_PREFIX = "";
				EXECUTABLE_SUFFIX = "";
				GCC_GENERATE_DEBUGGING_SYMBOLS = YES;
				GCC_INLINES_ARE_PRIVATE_EXTERN = NO;
				GCC_OPTIMIZATION_LEVEL = 0;
				GCC_PREPROCESSOR_DEFINITIONS = ("'CMAKE_INTDIR=\"$(CONFIGURATION)$(EFFECTIVE_PLATFORM_NAME)\"'");
				GCC_SYMBOLS_PRIVATE_EXTERN = NO;
				HEADER_SEARCH_PATHS = (/usr/local/include,/usr/local/opt/openssl/include);
				INSTALL_PATH = "";
				LD_RUNPATH_SEARCH_PATHS = "/usr/local/lib /usr/local/opt/openssl/lib /usr/local/Cellar/libuv/1.11.0/lib";
				LIBRARY_SEARCH_PATHS = " /usr/local/lib/$(CONFIGURATION)$(EFFECTIVE_PLATFORM_NAME) /usr/local/lib /usr/local/opt/openssl/lib/$(CONFIGURATION)$(EFFECTIVE_PLATFORM_NAME) /usr/local/opt/openssl/lib /usr/local/Cellar/libuv/1.11.0/lib/$(CONFIGURATION)$(EFFECTIVE_PLATFORM_NAME) /usr/local/Cellar/libuv/1.11.0/lib";
				OTHER_CPLUSPLUSFLAGS = "     -std=c++11";
				OTHER_LDFLAGS = " -Wl,-search_paths_first -Wl,-headerpad_max_install_names  -lz -lssl -luv -luWS";
				OTHER_REZFLAGS = "";
				PRODUCT_NAME = path_planning;
				SECTORDER_FLAGS = "";
				SYMROOT = /Users/emilbalcu/Courses/Udacity/NanodegreeSDC/Term_3/Path_Planning;
				USE_HEADERMAP = NO;
				WARNING_CFLAGS = ("-Wmost","-Wno-four-char-constants","-Wno-unknown-pragmas","$(inherited)");
			};
			name = Debug;
		};
		FA224028EEE0427FBAE21988 /* Release */ = {
			isa = XCBuildConfiguration;
			buildSettings = {
				COMBINE_HIDPI_IMAGES = YES;
				GCC_GENERATE_DEBUGGING_SYMBOLS = YES;
				GCC_INLINES_ARE_PRIVATE_EXTERN = NO;
				GCC_OPTIMIZATION_LEVEL = 0;
				GCC_PREPROCESSOR_DEFINITIONS = ("'CMAKE_INTDIR=\"$(CONFIGURATION)$(EFFECTIVE_PLATFORM_NAME)\"'");
				GCC_SYMBOLS_PRIVATE_EXTERN = NO;
				HEADER_SEARCH_PATHS = (/usr/local/include,/usr/local/opt/openssl/include);
				INSTALL_PATH = "";
				OTHER_LDFLAGS = " ";
				OTHER_REZFLAGS = "";
				PRODUCT_NAME = ALL_BUILD;
				SECTORDER_FLAGS = "";
				SYMROOT = /Users/emilbalcu/Courses/Udacity/NanodegreeSDC/Term_3/Path_Planning;
				USE_HEADERMAP = NO;
				WARNING_CFLAGS = ("-Wmost","-Wno-four-char-constants","-Wno-unknown-pragmas","$(inherited)");
			};
			name = Release;
		};
/* End XCBuildConfiguration section */

/* Begin XCConfigurationList section */
		339E5DEC594541789923E130 /* Build configuration list for PBXNativeTarget "path_planning" */ = {
			isa = XCConfigurationList;
			buildConfigurations = (
				FA197937B0AE447EACACFD9D /* Debug */,
				27EAA6B070D34D5BBBAACE3A /* Release */,
				812B1D95FD594727BC78CE4F /* MinSizeRel */,
				6859A82F779F480E8E2F94FB /* RelWithDebInfo */,
			);
			defaultConfigurationIsVisible = 0;
			defaultConfigurationName = Debug;
		};
		3B632CCC93CB4C5CB6BA5821 /* Build configuration list for PBXAggregateTarget "ZERO_CHECK" */ = {
			isa = XCConfigurationList;
			buildConfigurations = (
				4317ACA5A04446C89845DAFD /* Debug */,
				0B8239C47B26484F9BC11789 /* Release */,
				B2A25964F0C545D0BB3A9B43 /* MinSizeRel */,
				EA7ADEA3931C4C2AAFC8525B /* RelWithDebInfo */,
			);
			defaultConfigurationIsVisible = 0;
			defaultConfigurationName = Debug;
		};
		B223C42CE4F2490481C9DB93 /* Build configuration list for PBXAggregateTarget "ALL_BUILD" */ = {
			isa = XCConfigurationList;
			buildConfigurations = (
				DBDEEE3FB91A481081D901F6 /* Debug */,
				FA224028EEE0427FBAE21988 /* Release */,
				1A699008010C4B1CA6E83873 /* MinSizeRel */,
				DC059F9A84D14D8FB3964807 /* RelWithDebInfo */,
			);
			defaultConfigurationIsVisible = 0;
			defaultConfigurationName = Debug;
		};
		D6BC9625FA574B27AE5A4024 /* Build configuration list for PBXProject "Path_Planning" */ = {
			isa = XCConfigurationList;
			buildConfigurations = (
				1B1E57E9953343B29F5D2FC0 /* Debug */,
				9354E4B77017451D8BC189D2 /* Release */,
				804F75466C7247F7AADD072B /* MinSizeRel */,
				485D53D95B9A415DBFCFED12 /* RelWithDebInfo */,
			);
			defaultConfigurationIsVisible = 0;
			defaultConfigurationName = Debug;
		};
/* End XCConfigurationList section */
	};
	rootObject = 991347CF541E49708125E5FD /* Project object */;
}
