// !$*UTF8*$!
{
	archiveVersion = 1;
	classes = {
	};
	objectVersion = 46;
	objects = {

/* Begin PBXAggregateTarget section */
		830271D847CA41C9B555645C /* ALL_BUILD */ = {
			isa = PBXAggregateTarget;
			buildConfigurationList = 6061C6E6305E4B6895E5EFAB /* Build configuration list for PBXAggregateTarget "ALL_BUILD" */;
			buildPhases = (
				80DC1F5B20414D9E86EE3027 /* CMake Rules */,
			);
			dependencies = (
				79213425697E47C18FFE948C /* PBXTargetDependency */,
				5C52D14D445C491D905B258C /* PBXTargetDependency */,
			);
			name = ALL_BUILD;
			productName = ALL_BUILD;
		};
		E6E153ED08CC4F8FBC51179F /* ZERO_CHECK */ = {
			isa = PBXAggregateTarget;
			buildConfigurationList = 498E4B0C46294DDE8B0AB26D /* Build configuration list for PBXAggregateTarget "ZERO_CHECK" */;
			buildPhases = (
				686C848CCD0B44A7BDAEF162 /* CMake Rules */,
			);
			dependencies = (
			);
			name = ZERO_CHECK;
			productName = ZERO_CHECK;
		};
/* End PBXAggregateTarget section */

/* Begin PBXBuildFile section */
		23BD38F9372C48BD971F1111 /* /Users/emilbalcu/Courses/Udacity/NanodegreeSDC/Term_3/Path_Planning/CMakeLists.txt */ = {isa = PBXBuildFile; fileRef = BFC94E3214C4418EAC7D4580 /* /Users/emilbalcu/Courses/Udacity/NanodegreeSDC/Term_3/Path_Planning/CMakeLists.txt */; };
		295FC251CF0140039A9BDA61 /* /Users/emilbalcu/Courses/Udacity/NanodegreeSDC/Term_3/Path_Planning/src/main.cpp */ = {isa = PBXBuildFile; fileRef = BB831B05EED14A439EC748DE /* /Users/emilbalcu/Courses/Udacity/NanodegreeSDC/Term_3/Path_Planning/src/main.cpp */; };
		E58258498A27430292CC5B30 /* /Users/emilbalcu/Courses/Udacity/NanodegreeSDC/Term_3/Path_Planning/src/spline.h */ = {isa = PBXBuildFile; fileRef = 89ADCC2251A841AB8888659D /* /Users/emilbalcu/Courses/Udacity/NanodegreeSDC/Term_3/Path_Planning/src/spline.h */; };
/* End PBXBuildFile section */

/* Begin PBXBuildStyle section */
		4514691745874CE897D6A587 /* Release */ = {
			isa = PBXBuildStyle;
			buildSettings = {
				COPY_PHASE_STRIP = NO;
			};
			name = Release;
		};
		584B92141BAB46EC82D0F6B7 /* MinSizeRel */ = {
			isa = PBXBuildStyle;
			buildSettings = {
				COPY_PHASE_STRIP = NO;
			};
			name = MinSizeRel;
		};
		A21210131CBE488AB28E9013 /* Debug */ = {
			isa = PBXBuildStyle;
			buildSettings = {
				COPY_PHASE_STRIP = NO;
			};
			name = Debug;
		};
		D4DA025BAA1844BFBACF3250 /* RelWithDebInfo */ = {
			isa = PBXBuildStyle;
			buildSettings = {
				COPY_PHASE_STRIP = NO;
			};
			name = RelWithDebInfo;
		};
/* End PBXBuildStyle section */

/* Begin PBXContainerItemProxy section */
		2CD106F4E4394063B3C06D10 /* PBXContainerItemProxy */ = {
			isa = PBXContainerItemProxy;
			containerPortal = 991347CF541E49708125E5FD /* Project object */;
			proxyType = 1;
			remoteGlobalIDString = E6E153ED08CC4F8FBC51179F;
			remoteInfo = ZERO_CHECK;
		};
		D7E017F11EBA4F99860E75A7 /* PBXContainerItemProxy */ = {
			isa = PBXContainerItemProxy;
			containerPortal = 991347CF541E49708125E5FD /* Project object */;
			proxyType = 1;
			remoteGlobalIDString = E6E153ED08CC4F8FBC51179F;
			remoteInfo = ZERO_CHECK;
		};
		E550A1B4368A4702967F1C00 /* PBXContainerItemProxy */ = {
			isa = PBXContainerItemProxy;
			containerPortal = 991347CF541E49708125E5FD /* Project object */;
			proxyType = 1;
			remoteGlobalIDString = 6631007936B34599AEB9A305;
			remoteInfo = path_planning;
		};
/* End PBXContainerItemProxy section */

/* Begin PBXFileReference section */
		36D01D0E97444832A49ED917 /* /Users/emilbalcu/Courses/Udacity/NanodegreeSDC/Term_3/Path_Planning/CMakeLists.txt */ = {isa = PBXFileReference; explicitFileType = sourcecode.text; fileEncoding = 4; name = CMakeLists.txt; path = CMakeLists.txt; sourceTree = SOURCE_ROOT; };
		7AF0A453A6204BE2B2129391 /* /Users/emilbalcu/Courses/Udacity/NanodegreeSDC/Term_3/Path_Planning/CMakeLists.txt */ = {isa = PBXFileReference; explicitFileType = sourcecode.text; fileEncoding = 4; name = CMakeLists.txt; path = CMakeLists.txt; sourceTree = SOURCE_ROOT; };
		89ADCC2251A841AB8888659D /* /Users/emilbalcu/Courses/Udacity/NanodegreeSDC/Term_3/Path_Planning/src/spline.h */ = {isa = PBXFileReference; explicitFileType = sourcecode.c.h; fileEncoding = 4; name = spline.h; path = src/spline.h; sourceTree = SOURCE_ROOT; };
		BB831B05EED14A439EC748DE /* /Users/emilbalcu/Courses/Udacity/NanodegreeSDC/Term_3/Path_Planning/src/main.cpp */ = {isa = PBXFileReference; explicitFileType = sourcecode.cpp.cpp; fileEncoding = 4; name = main.cpp; path = src/main.cpp; sourceTree = SOURCE_ROOT; };
		BFC94E3214C4418EAC7D4580 /* /Users/emilbalcu/Courses/Udacity/NanodegreeSDC/Term_3/Path_Planning/CMakeLists.txt */ = {isa = PBXFileReference; explicitFileType = sourcecode.text; fileEncoding = 4; name = CMakeLists.txt; path = CMakeLists.txt; sourceTree = SOURCE_ROOT; };
		E65113B1E1F14F6BA977FFA3 /* path_planning */ = {isa = PBXFileReference; explicitFileType = "compiled.mach-o.executable"; path = path_planning; sourceTree = BUILT_PRODUCTS_DIR; };
/* End PBXFileReference section */

/* Begin PBXGroup section */
		1B107FEA39B4466891BA907D = {
			isa = PBXGroup;
			children = (
				B212233C6F2C463784BC6420 /* path_planning */,
				5011AAAE5C6848C0B76CA1D0 /* ALL_BUILD */,
				723FDD0E9B164B95B59F6261 /* ZERO_CHECK */,
				D7FE03A67C6340928B092A04 /* Products */,
			);
			sourceTree = "<group>";
		};
		5011AAAE5C6848C0B76CA1D0 /* ALL_BUILD */ = {
			isa = PBXGroup;
			children = (
				D79CEB3382B74E77814DDBA5 /* CMake Rules */,
				36D01D0E97444832A49ED917 /* /Users/emilbalcu/Courses/Udacity/NanodegreeSDC/Term_3/Path_Planning/CMakeLists.txt */,
			);
			name = ALL_BUILD;
			sourceTree = "<group>";
		};
		5802528729E54A56881F03EF /* CMake Rules */ = {
			isa = PBXGroup;
			children = (
			);
			name = "CMake Rules";
			sourceTree = "<group>";
		};
		723FDD0E9B164B95B59F6261 /* ZERO_CHECK */ = {
			isa = PBXGroup;
			children = (
				5802528729E54A56881F03EF /* CMake Rules */,
				7AF0A453A6204BE2B2129391 /* /Users/emilbalcu/Courses/Udacity/NanodegreeSDC/Term_3/Path_Planning/CMakeLists.txt */,
			);
			name = ZERO_CHECK;
			sourceTree = "<group>";
		};
		9EA96DA8B1EA4A9D957A477C /* Header Files */ = {
			isa = PBXGroup;
			children = (
				89ADCC2251A841AB8888659D /* /Users/emilbalcu/Courses/Udacity/NanodegreeSDC/Term_3/Path_Planning/src/spline.h */,
			);
			name = "Header Files";
			sourceTree = "<group>";
		};
		B212233C6F2C463784BC6420 /* path_planning */ = {
			isa = PBXGroup;
			children = (
				DA8583849028406EB6C9D6FD /* Source Files */,
				9EA96DA8B1EA4A9D957A477C /* Header Files */,
				BFC94E3214C4418EAC7D4580 /* /Users/emilbalcu/Courses/Udacity/NanodegreeSDC/Term_3/Path_Planning/CMakeLists.txt */,
			);
			name = path_planning;
			sourceTree = "<group>";
		};
		D79CEB3382B74E77814DDBA5 /* CMake Rules */ = {
			isa = PBXGroup;
			children = (
			);
			name = "CMake Rules";
			sourceTree = "<group>";
		};
		D7FE03A67C6340928B092A04 /* Products */ = {
			isa = PBXGroup;
			children = (
				E65113B1E1F14F6BA977FFA3 /* path_planning */,
			);
			name = Products;
			sourceTree = "<group>";
		};
		DA8583849028406EB6C9D6FD /* Source Files */ = {
			isa = PBXGroup;
			children = (
				BB831B05EED14A439EC748DE /* /Users/emilbalcu/Courses/Udacity/NanodegreeSDC/Term_3/Path_Planning/src/main.cpp */,
			);
			name = "Source Files";
			sourceTree = "<group>";
		};
/* End PBXGroup section */

/* Begin PBXNativeTarget section */
		6631007936B34599AEB9A305 /* path_planning */ = {
			isa = PBXNativeTarget;
			buildConfigurationList = B05ADA4BED5F4425BE0E8927 /* Build configuration list for PBXNativeTarget "path_planning" */;
			buildPhases = (
				4DE71EB8CC38408F91BD4F9E /* Sources */,
			);
			buildRules = (
			);
			dependencies = (
				20F08350E5824A83AAFD959A /* PBXTargetDependency */,
			);
			name = path_planning;
			productName = path_planning;
			productReference = E65113B1E1F14F6BA977FFA3 /* path_planning */;
			productType = "com.apple.product-type.tool";
		};
/* End PBXNativeTarget section */

/* Begin PBXProject section */
		991347CF541E49708125E5FD /* Project object */ = {
			isa = PBXProject;
			attributes = {
				BuildIndependentTargetsInParallel = YES;
				LastUpgradeCheck = 0910;
			};
			buildConfigurationList = 57AD6E4E3CFC4B3F8D3D5550 /* Build configuration list for PBXProject "Path_Planning" */;
			buildSettings = {
			};
			buildStyles = (
				A21210131CBE488AB28E9013 /* Debug */,
				4514691745874CE897D6A587 /* Release */,
				584B92141BAB46EC82D0F6B7 /* MinSizeRel */,
				D4DA025BAA1844BFBACF3250 /* RelWithDebInfo */,
			);
			compatibilityVersion = "Xcode 3.2";
			hasScannedForEncodings = 0;
			mainGroup = 1B107FEA39B4466891BA907D;
			projectDirPath = .;
			projectRoot = "";
			targets = (
				830271D847CA41C9B555645C /* ALL_BUILD */,
				E6E153ED08CC4F8FBC51179F /* ZERO_CHECK */,
				6631007936B34599AEB9A305 /* path_planning */,
			);
		};
/* End PBXProject section */

/* Begin PBXShellScriptBuildPhase section */
		2BCB7090AD12445E9F1D5642 = {
			isa = PBXShellScriptBuildPhase;
			buildActionMask = 2147483647;
			files = (
			);
			inputPaths = (
			);
			outputPaths = (
			);
			runOnlyForDeploymentPostprocessing = 0;
			shellPath = /bin/sh;
			shellScript = "# shell script goes here
exit 0";
			showEnvVarsInLog = 0;
		};
		4B702CE51AB141A9BC678393 = {
			isa = PBXShellScriptBuildPhase;
			buildActionMask = 2147483647;
			files = (
			);
			inputPaths = (
			);
			outputPaths = (
			);
			runOnlyForDeploymentPostprocessing = 0;
			shellPath = /bin/sh;
			shellScript = "# shell script goes here
exit 0";
			showEnvVarsInLog = 0;
		};
		686C848CCD0B44A7BDAEF162 /* CMake Rules */ = {
			isa = PBXShellScriptBuildPhase;
			buildActionMask = 2147483647;
			files = (
			);
			name = "CMake Rules";
			runOnlyForDeploymentPostprocessing = 0;
			shellPath = /bin/sh;
			shellScript = "make -C /Users/emilbalcu/Courses/Udacity/NanodegreeSDC/Term_3/Path_Planning -f /Users/emilbalcu/Courses/Udacity/NanodegreeSDC/Term_3/Path_Planning/CMakeScripts/ZERO_CHECK_cmakeRulesBuildPhase.make$CONFIGURATION all";
			showEnvVarsInLog = 0;
		};
		80DC1F5B20414D9E86EE3027 /* CMake Rules */ = {
			isa = PBXShellScriptBuildPhase;
			buildActionMask = 2147483647;
			files = (
			);
			name = "CMake Rules";
			runOnlyForDeploymentPostprocessing = 0;
			shellPath = /bin/sh;
			shellScript = "make -C /Users/emilbalcu/Courses/Udacity/NanodegreeSDC/Term_3/Path_Planning -f /Users/emilbalcu/Courses/Udacity/NanodegreeSDC/Term_3/Path_Planning/CMakeScripts/ALL_BUILD_cmakeRulesBuildPhase.make$CONFIGURATION all";
			showEnvVarsInLog = 0;
		};
/* End PBXShellScriptBuildPhase section */

/* Begin PBXSourcesBuildPhase section */
		4DE71EB8CC38408F91BD4F9E /* Sources */ = {
			isa = PBXSourcesBuildPhase;
			buildActionMask = 2147483647;
			files = (
				295FC251CF0140039A9BDA61 /* /Users/emilbalcu/Courses/Udacity/NanodegreeSDC/Term_3/Path_Planning/src/main.cpp */,
			);
			runOnlyForDeploymentPostprocessing = 0;
		};
/* End PBXSourcesBuildPhase section */

/* Begin PBXTargetDependency section */
		20F08350E5824A83AAFD959A /* PBXTargetDependency */ = {
			isa = PBXTargetDependency;
			target = E6E153ED08CC4F8FBC51179F /* ZERO_CHECK */;
			targetProxy = D7E017F11EBA4F99860E75A7 /* PBXContainerItemProxy */;
		};
		5C52D14D445C491D905B258C /* PBXTargetDependency */ = {
			isa = PBXTargetDependency;
			target = E6E153ED08CC4F8FBC51179F /* ZERO_CHECK */;
			targetProxy = 2CD106F4E4394063B3C06D10 /* PBXContainerItemProxy */;
		};
		79213425697E47C18FFE948C /* PBXTargetDependency */ = {
			isa = PBXTargetDependency;
			target = 6631007936B34599AEB9A305 /* path_planning */;
			targetProxy = E550A1B4368A4702967F1C00 /* PBXContainerItemProxy */;
		};
/* End PBXTargetDependency section */

/* Begin XCBuildConfiguration section */
		324A984FD8E4419AB4537082 /* MinSizeRel */ = {
			isa = XCBuildConfiguration;
			buildSettings = {
				COMBINE_HIDPI_IMAGES = YES;
				EXECUTABLE_PREFIX = "";
				EXECUTABLE_SUFFIX = "";
				GCC_GENERATE_DEBUGGING_SYMBOLS = NO;
				GCC_INLINES_ARE_PRIVATE_EXTERN = NO;
				GCC_OPTIMIZATION_LEVEL = s;
				GCC_PREPROCESSOR_DEFINITIONS = ("'CMAKE_INTDIR=\"$(CONFIGURATION)$(EFFECTIVE_PLATFORM_NAME)\"'");
				GCC_SYMBOLS_PRIVATE_EXTERN = NO;
				HEADER_SEARCH_PATHS = (/usr/local/include,/usr/local/opt/openssl/include);
				INSTALL_PATH = "";
				LD_RUNPATH_SEARCH_PATHS = "/usr/local/lib /usr/local/opt/openssl/lib /usr/local/Cellar/libuv/1.11.0/lib";
				LIBRARY_SEARCH_PATHS = " /usr/local/lib/$(CONFIGURATION)$(EFFECTIVE_PLATFORM_NAME) /usr/local/lib /usr/local/opt/openssl/lib/$(CONFIGURATION)$(EFFECTIVE_PLATFORM_NAME) /usr/local/opt/openssl/lib /usr/local/Cellar/libuv/1.11.0/lib/$(CONFIGURATION)$(EFFECTIVE_PLATFORM_NAME) /usr/local/Cellar/libuv/1.11.0/lib";
				OTHER_CPLUSPLUSFLAGS = "    -DNDEBUG   -std=c++11";
				OTHER_LDFLAGS = " -Wl,-search_paths_first -Wl,-headerpad_max_install_names  -lz -lssl -luv -luWS";
				OTHER_REZFLAGS = "";
				PRODUCT_NAME = path_planning;
				SECTORDER_FLAGS = "";
				SYMROOT = /Users/emilbalcu/Courses/Udacity/NanodegreeSDC/Term_3/Path_Planning;
				USE_HEADERMAP = NO;
				WARNING_CFLAGS = ("-Wmost","-Wno-four-char-constants","-Wno-unknown-pragmas","$(inherited)");
			};
			name = MinSizeRel;
		};
		64B30143384C4B368F587727 /* RelWithDebInfo */ = {
			isa = XCBuildConfiguration;
			buildSettings = {
				COMBINE_HIDPI_IMAGES = YES;
				EXECUTABLE_PREFIX = "";
				EXECUTABLE_SUFFIX = "";
				GCC_GENERATE_DEBUGGING_SYMBOLS = YES;
				GCC_INLINES_ARE_PRIVATE_EXTERN = NO;
				GCC_OPTIMIZATION_LEVEL = 2;
				GCC_PREPROCESSOR_DEFINITIONS = ("'CMAKE_INTDIR=\"$(CONFIGURATION)$(EFFECTIVE_PLATFORM_NAME)\"'");
				GCC_SYMBOLS_PRIVATE_EXTERN = NO;
				HEADER_SEARCH_PATHS = (/usr/local/include,/usr/local/opt/openssl/include);
				INSTALL_PATH = "";
				LD_RUNPATH_SEARCH_PATHS = "/usr/local/lib /usr/local/opt/openssl/lib /usr/local/Cellar/libuv/1.11.0/lib";
				LIBRARY_SEARCH_PATHS = " /usr/local/lib/$(CONFIGURATION)$(EFFECTIVE_PLATFORM_NAME) /usr/local/lib /usr/local/opt/openssl/lib/$(CONFIGURATION)$(EFFECTIVE_PLATFORM_NAME) /usr/local/opt/openssl/lib /usr/local/Cellar/libuv/1.11.0/lib/$(CONFIGURATION)$(EFFECTIVE_PLATFORM_NAME) /usr/local/Cellar/libuv/1.11.0/lib";
				OTHER_CPLUSPLUSFLAGS = "       -DNDEBUG   -std=c++11";
				OTHER_LDFLAGS = " -Wl,-search_paths_first -Wl,-headerpad_max_install_names  -lz -lssl -luv -luWS";
				OTHER_REZFLAGS = "";
				PRODUCT_NAME = path_planning;
				SECTORDER_FLAGS = "";
				SYMROOT = /Users/emilbalcu/Courses/Udacity/NanodegreeSDC/Term_3/Path_Planning;
				USE_HEADERMAP = NO;
				WARNING_CFLAGS = ("-Wmost","-Wno-four-char-constants","-Wno-unknown-pragmas","$(inherited)");
			};
			name = RelWithDebInfo;
		};
		7FA6850808E845839ACD5B8C /* Release */ = {
			isa = XCBuildConfiguration;
			buildSettings = {
				COMBINE_HIDPI_IMAGES = YES;
				EXECUTABLE_PREFIX = "";
				EXECUTABLE_SUFFIX = "";
				GCC_GENERATE_DEBUGGING_SYMBOLS = NO;
				GCC_INLINES_ARE_PRIVATE_EXTERN = NO;
				GCC_OPTIMIZATION_LEVEL = 3;
				GCC_PREPROCESSOR_DEFINITIONS = ("'CMAKE_INTDIR=\"$(CONFIGURATION)$(EFFECTIVE_PLATFORM_NAME)\"'");
				GCC_SYMBOLS_PRIVATE_EXTERN = NO;
				HEADER_SEARCH_PATHS = (/usr/local/include,/usr/local/opt/openssl/include);
				INSTALL_PATH = "";
				LD_RUNPATH_SEARCH_PATHS = "/usr/local/lib /usr/local/opt/openssl/lib /usr/local/Cellar/libuv/1.11.0/lib";
				LIBRARY_SEARCH_PATHS = " /usr/local/lib/$(CONFIGURATION)$(EFFECTIVE_PLATFORM_NAME) /usr/local/lib /usr/local/opt/openssl/lib/$(CONFIGURATION)$(EFFECTIVE_PLATFORM_NAME) /usr/local/opt/openssl/lib /usr/local/Cellar/libuv/1.11.0/lib/$(CONFIGURATION)$(EFFECTIVE_PLATFORM_NAME) /usr/local/Cellar/libuv/1.11.0/lib";
				OTHER_CPLUSPLUSFLAGS = "    -DNDEBUG   -std=c++11";
				OTHER_LDFLAGS = " -Wl,-search_paths_first -Wl,-headerpad_max_install_names  -lz -lssl -luv -luWS";
				OTHER_REZFLAGS = "";
				PRODUCT_NAME = path_planning;
				SECTORDER_FLAGS = "";
				SYMROOT = /Users/emilbalcu/Courses/Udacity/NanodegreeSDC/Term_3/Path_Planning;
				USE_HEADERMAP = NO;
				WARNING_CFLAGS = ("-Wmost","-Wno-four-char-constants","-Wno-unknown-pragmas","$(inherited)");
			};
			name = Release;
		};
		807620991DFA42A59C5D2CE6 /* RelWithDebInfo */ = {
			isa = XCBuildConfiguration;
			buildSettings = {
				MACOSX_DEPLOYMENT_TARGET = 10.12;
				ONLY_ACTIVE_ARCH = YES;
				SDKROOT = /Applications/Xcode.app/Contents/Developer/Platforms/MacOSX.platform/Developer/SDKs/MacOSX10.13.sdk;
				SYMROOT = /Users/emilbalcu/Courses/Udacity/NanodegreeSDC/Term_3/Path_Planning/build;
			};
			name = RelWithDebInfo;
		};
		85B0F42C3E9E4FD4A2D5C08E /* Release */ = {
			isa = XCBuildConfiguration;
			buildSettings = {
				MACOSX_DEPLOYMENT_TARGET = 10.12;
				ONLY_ACTIVE_ARCH = YES;
				SDKROOT = /Applications/Xcode.app/Contents/Developer/Platforms/MacOSX.platform/Developer/SDKs/MacOSX10.13.sdk;
				SYMROOT = /Users/emilbalcu/Courses/Udacity/NanodegreeSDC/Term_3/Path_Planning/build;
			};
			name = Release;
		};
		89A48318CE4449DE9620E62C /* Release */ = {
			isa = XCBuildConfiguration;
			buildSettings = {
				COMBINE_HIDPI_IMAGES = YES;
				GCC_GENERATE_DEBUGGING_SYMBOLS = YES;
				GCC_INLINES_ARE_PRIVATE_EXTERN = NO;
				GCC_OPTIMIZATION_LEVEL = 0;
				GCC_PREPROCESSOR_DEFINITIONS = ("'CMAKE_INTDIR=\"$(CONFIGURATION)$(EFFECTIVE_PLATFORM_NAME)\"'");
				GCC_SYMBOLS_PRIVATE_EXTERN = NO;
				HEADER_SEARCH_PATHS = (/usr/local/include,/usr/local/opt/openssl/include);
				INSTALL_PATH = "";
				OTHER_LDFLAGS = " ";
				OTHER_REZFLAGS = "";
				PRODUCT_NAME = ZERO_CHECK;
				SECTORDER_FLAGS = "";
				SYMROOT = /Users/emilbalcu/Courses/Udacity/NanodegreeSDC/Term_3/Path_Planning;
				USE_HEADERMAP = NO;
				WARNING_CFLAGS = ("-Wmost","-Wno-four-char-constants","-Wno-unknown-pragmas","$(inherited)");
			};
			name = Release;
		};
		8B9F09AF66F24CA0864087BB /* Debug */ = {
			isa = XCBuildConfiguration;
			buildSettings = {
				MACOSX_DEPLOYMENT_TARGET = 10.12;
				ONLY_ACTIVE_ARCH = YES;
				SDKROOT = /Applications/Xcode.app/Contents/Developer/Platforms/MacOSX.platform/Developer/SDKs/MacOSX10.13.sdk;
				SYMROOT = /Users/emilbalcu/Courses/Udacity/NanodegreeSDC/Term_3/Path_Planning/build;
			};
			name = Debug;
		};
		91B255AD92F846D3AC3C2C6E /* MinSizeRel */ = {
			isa = XCBuildConfiguration;
			buildSettings = {
				COMBINE_HIDPI_IMAGES = YES;
				GCC_GENERATE_DEBUGGING_SYMBOLS = YES;
				GCC_INLINES_ARE_PRIVATE_EXTERN = NO;
				GCC_OPTIMIZATION_LEVEL = 0;
				GCC_PREPROCESSOR_DEFINITIONS = ("'CMAKE_INTDIR=\"$(CONFIGURATION)$(EFFECTIVE_PLATFORM_NAME)\"'");
				GCC_SYMBOLS_PRIVATE_EXTERN = NO;
				HEADER_SEARCH_PATHS = (/usr/local/include,/usr/local/opt/openssl/include);
				INSTALL_PATH = "";
				OTHER_LDFLAGS = " ";
				OTHER_REZFLAGS = "";
				PRODUCT_NAME = ALL_BUILD;
				SECTORDER_FLAGS = "";
				SYMROOT = /Users/emilbalcu/Courses/Udacity/NanodegreeSDC/Term_3/Path_Planning;
				USE_HEADERMAP = NO;
				WARNING_CFLAGS = ("-Wmost","-Wno-four-char-constants","-Wno-unknown-pragmas","$(inherited)");
			};
			name = MinSizeRel;
		};
		B98209AB7F04419FB7FE71EC /* Debug */ = {
			isa = XCBuildConfiguration;
			buildSettings = {
				COMBINE_HIDPI_IMAGES = YES;
				GCC_GENERATE_DEBUGGING_SYMBOLS = YES;
				GCC_INLINES_ARE_PRIVATE_EXTERN = NO;
				GCC_OPTIMIZATION_LEVEL = 0;
				GCC_PREPROCESSOR_DEFINITIONS = ("'CMAKE_INTDIR=\"$(CONFIGURATION)$(EFFECTIVE_PLATFORM_NAME)\"'");
				GCC_SYMBOLS_PRIVATE_EXTERN = NO;
				HEADER_SEARCH_PATHS = (/usr/local/include,/usr/local/opt/openssl/include);
				INSTALL_PATH = "";
				OTHER_LDFLAGS = " ";
				OTHER_REZFLAGS = "";
				PRODUCT_NAME = ZERO_CHECK;
				SECTORDER_FLAGS = "";
				SYMROOT = /Users/emilbalcu/Courses/Udacity/NanodegreeSDC/Term_3/Path_Planning;
				USE_HEADERMAP = NO;
				WARNING_CFLAGS = ("-Wmost","-Wno-four-char-constants","-Wno-unknown-pragmas","$(inherited)");
			};
			name = Debug;
		};
		C17F09EDFEFB4253816CD67F /* Debug */ = {
			isa = XCBuildConfiguration;
			buildSettings = {
				COMBINE_HIDPI_IMAGES = YES;
				GCC_GENERATE_DEBUGGING_SYMBOLS = YES;
				GCC_INLINES_ARE_PRIVATE_EXTERN = NO;
				GCC_OPTIMIZATION_LEVEL = 0;
				GCC_PREPROCESSOR_DEFINITIONS = ("'CMAKE_INTDIR=\"$(CONFIGURATION)$(EFFECTIVE_PLATFORM_NAME)\"'");
				GCC_SYMBOLS_PRIVATE_EXTERN = NO;
				HEADER_SEARCH_PATHS = (/usr/local/include,/usr/local/opt/openssl/include);
				INSTALL_PATH = "";
				OTHER_LDFLAGS = " ";
				OTHER_REZFLAGS = "";
				PRODUCT_NAME = ALL_BUILD;
				SECTORDER_FLAGS = "";
				SYMROOT = /Users/emilbalcu/Courses/Udacity/NanodegreeSDC/Term_3/Path_Planning;
				USE_HEADERMAP = NO;
				WARNING_CFLAGS = ("-Wmost","-Wno-four-char-constants","-Wno-unknown-pragmas","$(inherited)");
			};
			name = Debug;
		};
		C29C4124FC4D4AC887C2556C /* Release */ = {
			isa = XCBuildConfiguration;
			buildSettings = {
				COMBINE_HIDPI_IMAGES = YES;
				GCC_GENERATE_DEBUGGING_SYMBOLS = YES;
				GCC_INLINES_ARE_PRIVATE_EXTERN = NO;
				GCC_OPTIMIZATION_LEVEL = 0;
				GCC_PREPROCESSOR_DEFINITIONS = ("'CMAKE_INTDIR=\"$(CONFIGURATION)$(EFFECTIVE_PLATFORM_NAME)\"'");
				GCC_SYMBOLS_PRIVATE_EXTERN = NO;
				HEADER_SEARCH_PATHS = (/usr/local/include,/usr/local/opt/openssl/include);
				INSTALL_PATH = "";
				OTHER_LDFLAGS = " ";
				OTHER_REZFLAGS = "";
				PRODUCT_NAME = ALL_BUILD;
				SECTORDER_FLAGS = "";
				SYMROOT = /Users/emilbalcu/Courses/Udacity/NanodegreeSDC/Term_3/Path_Planning;
				USE_HEADERMAP = NO;
				WARNING_CFLAGS = ("-Wmost","-Wno-four-char-constants","-Wno-unknown-pragmas","$(inherited)");
			};
			name = Release;
		};
		C404945ED0334D10B624CA72 /* MinSizeRel */ = {
			isa = XCBuildConfiguration;
			buildSettings = {
				COMBINE_HIDPI_IMAGES = YES;
				GCC_GENERATE_DEBUGGING_SYMBOLS = YES;
				GCC_INLINES_ARE_PRIVATE_EXTERN = NO;
				GCC_OPTIMIZATION_LEVEL = 0;
				GCC_PREPROCESSOR_DEFINITIONS = ("'CMAKE_INTDIR=\"$(CONFIGURATION)$(EFFECTIVE_PLATFORM_NAME)\"'");
				GCC_SYMBOLS_PRIVATE_EXTERN = NO;
				HEADER_SEARCH_PATHS = (/usr/local/include,/usr/local/opt/openssl/include);
				INSTALL_PATH = "";
				OTHER_LDFLAGS = " ";
				OTHER_REZFLAGS = "";
				PRODUCT_NAME = ZERO_CHECK;
				SECTORDER_FLAGS = "";
				SYMROOT = /Users/emilbalcu/Courses/Udacity/NanodegreeSDC/Term_3/Path_Planning;
				USE_HEADERMAP = NO;
				WARNING_CFLAGS = ("-Wmost","-Wno-four-char-constants","-Wno-unknown-pragmas","$(inherited)");
			};
			name = MinSizeRel;
		};
		C7B5C9CB8E3B4ECF8F99D4B7 /* RelWithDebInfo */ = {
			isa = XCBuildConfiguration;
			buildSettings = {
				COMBINE_HIDPI_IMAGES = YES;
				GCC_GENERATE_DEBUGGING_SYMBOLS = YES;
				GCC_INLINES_ARE_PRIVATE_EXTERN = NO;
				GCC_OPTIMIZATION_LEVEL = 0;
				GCC_PREPROCESSOR_DEFINITIONS = ("'CMAKE_INTDIR=\"$(CONFIGURATION)$(EFFECTIVE_PLATFORM_NAME)\"'");
				GCC_SYMBOLS_PRIVATE_EXTERN = NO;
				HEADER_SEARCH_PATHS = (/usr/local/include,/usr/local/opt/openssl/include);
				INSTALL_PATH = "";
				OTHER_LDFLAGS = " ";
				OTHER_REZFLAGS = "";
				PRODUCT_NAME = ZERO_CHECK;
				SECTORDER_FLAGS = "";
				SYMROOT = /Users/emilbalcu/Courses/Udacity/NanodegreeSDC/Term_3/Path_Planning;
				USE_HEADERMAP = NO;
				WARNING_CFLAGS = ("-Wmost","-Wno-four-char-constants","-Wno-unknown-pragmas","$(inherited)");
			};
			name = RelWithDebInfo;
		};
		C7CD5DDDC4384A9CA8EFBD3E /* RelWithDebInfo */ = {
			isa = XCBuildConfiguration;
			buildSettings = {
				COMBINE_HIDPI_IMAGES = YES;
				GCC_GENERATE_DEBUGGING_SYMBOLS = YES;
				GCC_INLINES_ARE_PRIVATE_EXTERN = NO;
				GCC_OPTIMIZATION_LEVEL = 0;
				GCC_PREPROCESSOR_DEFINITIONS = ("'CMAKE_INTDIR=\"$(CONFIGURATION)$(EFFECTIVE_PLATFORM_NAME)\"'");
				GCC_SYMBOLS_PRIVATE_EXTERN = NO;
				HEADER_SEARCH_PATHS = (/usr/local/include,/usr/local/opt/openssl/include);
				INSTALL_PATH = "";
				OTHER_LDFLAGS = " ";
				OTHER_REZFLAGS = "";
				PRODUCT_NAME = ALL_BUILD;
				SECTORDER_FLAGS = "";
				SYMROOT = /Users/emilbalcu/Courses/Udacity/NanodegreeSDC/Term_3/Path_Planning;
				USE_HEADERMAP = NO;
				WARNING_CFLAGS = ("-Wmost","-Wno-four-char-constants","-Wno-unknown-pragmas","$(inherited)");
			};
			name = RelWithDebInfo;
		};
		F525340FCAF04C8F8B05E92B /* MinSizeRel */ = {
			isa = XCBuildConfiguration;
			buildSettings = {
				MACOSX_DEPLOYMENT_TARGET = 10.12;
				ONLY_ACTIVE_ARCH = YES;
				SDKROOT = /Applications/Xcode.app/Contents/Developer/Platforms/MacOSX.platform/Developer/SDKs/MacOSX10.13.sdk;
				SYMROOT = /Users/emilbalcu/Courses/Udacity/NanodegreeSDC/Term_3/Path_Planning/build;
			};
			name = MinSizeRel;
		};
		F9946DE957DD4CFCB081167B /* Debug */ = {
			isa = XCBuildConfiguration;
			buildSettings = {
				COMBINE_HIDPI_IMAGES = YES;
				EXECUTABLE_PREFIX = "";
				EXECUTABLE_SUFFIX = "";
				GCC_GENERATE_DEBUGGING_SYMBOLS = YES;
				GCC_INLINES_ARE_PRIVATE_EXTERN = NO;
				GCC_OPTIMIZATION_LEVEL = 0;
				GCC_PREPROCESSOR_DEFINITIONS = ("'CMAKE_INTDIR=\"$(CONFIGURATION)$(EFFECTIVE_PLATFORM_NAME)\"'");
				GCC_SYMBOLS_PRIVATE_EXTERN = NO;
				HEADER_SEARCH_PATHS = (/usr/local/include,/usr/local/opt/openssl/include);
				INSTALL_PATH = "";
				LD_RUNPATH_SEARCH_PATHS = "/usr/local/lib /usr/local/opt/openssl/lib /usr/local/Cellar/libuv/1.11.0/lib";
				LIBRARY_SEARCH_PATHS = " /usr/local/lib/$(CONFIGURATION)$(EFFECTIVE_PLATFORM_NAME) /usr/local/lib /usr/local/opt/openssl/lib/$(CONFIGURATION)$(EFFECTIVE_PLATFORM_NAME) /usr/local/opt/openssl/lib /usr/local/Cellar/libuv/1.11.0/lib/$(CONFIGURATION)$(EFFECTIVE_PLATFORM_NAME) /usr/local/Cellar/libuv/1.11.0/lib";
				OTHER_CPLUSPLUSFLAGS = "     -std=c++11";
				OTHER_LDFLAGS = " -Wl,-search_paths_first -Wl,-headerpad_max_install_names  -lz -lssl -luv -luWS";
				OTHER_REZFLAGS = "";
				PRODUCT_NAME = path_planning;
				SECTORDER_FLAGS = "";
				SYMROOT = /Users/emilbalcu/Courses/Udacity/NanodegreeSDC/Term_3/Path_Planning;
				USE_HEADERMAP = NO;
				WARNING_CFLAGS = ("-Wmost","-Wno-four-char-constants","-Wno-unknown-pragmas","$(inherited)");
			};
			name = Debug;
		};
/* End XCBuildConfiguration section */

/* Begin XCConfigurationList section */
		498E4B0C46294DDE8B0AB26D /* Build configuration list for PBXAggregateTarget "ZERO_CHECK" */ = {
			isa = XCConfigurationList;
			buildConfigurations = (
				B98209AB7F04419FB7FE71EC /* Debug */,
				89A48318CE4449DE9620E62C /* Release */,
				C404945ED0334D10B624CA72 /* MinSizeRel */,
				C7B5C9CB8E3B4ECF8F99D4B7 /* RelWithDebInfo */,
			);
			defaultConfigurationIsVisible = 0;
			defaultConfigurationName = Debug;
		};
		57AD6E4E3CFC4B3F8D3D5550 /* Build configuration list for PBXProject "Path_Planning" */ = {
			isa = XCConfigurationList;
			buildConfigurations = (
				8B9F09AF66F24CA0864087BB /* Debug */,
				85B0F42C3E9E4FD4A2D5C08E /* Release */,
				F525340FCAF04C8F8B05E92B /* MinSizeRel */,
				807620991DFA42A59C5D2CE6 /* RelWithDebInfo */,
			);
			defaultConfigurationIsVisible = 0;
			defaultConfigurationName = Debug;
		};
		6061C6E6305E4B6895E5EFAB /* Build configuration list for PBXAggregateTarget "ALL_BUILD" */ = {
			isa = XCConfigurationList;
			buildConfigurations = (
				C17F09EDFEFB4253816CD67F /* Debug */,
				C29C4124FC4D4AC887C2556C /* Release */,
				91B255AD92F846D3AC3C2C6E /* MinSizeRel */,
				C7CD5DDDC4384A9CA8EFBD3E /* RelWithDebInfo */,
			);
			defaultConfigurationIsVisible = 0;
			defaultConfigurationName = Debug;
		};
		B05ADA4BED5F4425BE0E8927 /* Build configuration list for PBXNativeTarget "path_planning" */ = {
			isa = XCConfigurationList;
			buildConfigurations = (
				F9946DE957DD4CFCB081167B /* Debug */,
				7FA6850808E845839ACD5B8C /* Release */,
				324A984FD8E4419AB4537082 /* MinSizeRel */,
				64B30143384C4B368F587727 /* RelWithDebInfo */,
			);
			defaultConfigurationIsVisible = 0;
			defaultConfigurationName = Debug;
		};
/* End XCConfigurationList section */
	};
	rootObject = 991347CF541E49708125E5FD /* Project object */;
}
